
Microsoft Visual Studio Solution File, Format Version 12.00
# Visual Studio 15
VisualStudioVersion = 15.0.26228.4
MinimumVisualStudioVersion = 10.0.40219.1
Project("{FAE04EC0-301F-11D3-BF4B-00C04F79EFBC}") = "AzureMediaServicesDemo", "AzureMediaServicesDemo\AzureMediaServicesDemo.csproj", "{B5CA11F4-4617-4C16-A019-D6B27D3EE538}"
EndProject
Global
	GlobalSection(SolutionConfigurationPlatforms) = preSolution
		Debug|Any CPU = Debug|Any CPU
		Release|Any CPU = Release|Any CPU
	EndGlobalSection
	GlobalSection(ProjectConfigurationPlatforms) = postSolution
		{B5CA11F4-4617-4C16-A019-D6B27D3EE538}.Debug|Any CPU.ActiveCfg = Debug|Any CPU
		{B5CA11F4-4617-4C16-A019-D6B27D3EE538}.Debug|Any CPU.Build.0 = Debug|Any CPU
		{B5CA11F4-4617-4C16-A019-D6B27D3EE538}.Release|Any CPU.ActiveCfg = Release|Any CPU
		{B5CA11F4-4617-4C16-A019-D6B27D3EE538}.Release|Any CPU.Build.0 = Release|Any CPU
	EndGlobalSection
	GlobalSection(SolutionProperties) = preSolution
		HideSolutionNode = FALSE
	EndGlobalSection
	GlobalSection(ExtensibilityGlobals) = postSolution
		EnterpriseLibraryConfigurationToolBinariesPath = packages\TransientFaultHandling.Core.5.1.1209.1\lib\NET4
	EndGlobalSection
EndGlobal
